
Microsoft Visual Studio Solution File, Format Version 12.00
# Visual Studio 2012
Project("{FAE04EC0-301F-11D3-BF4B-00C04F79EFBC}") = "DistributedDesktop.AudioPrototype", "VirtualDesktop.AudioPrototype\DistributedDesktop.AudioPrototype.csproj", "{C1BCEE41-12AA-45A4-987F-AE0FB9C15740}"
EndProject
Project("{FAE04EC0-301F-11D3-BF4B-00C04F79EFBC}") = "DistributedDesktop", "VirtualDesktop\DistributedDesktop.csproj", "{FC5DC063-2D42-4F59-B475-228B0CC1D480}"
EndProject
Project("{2150E333-8FDC-42A3-9474-1A3956D46DE8}") = "Solution Items", "Solution Items", "{3BC45A5B-0FB5-47A2-B186-58DAD9DEDA92}"
	ProjectSection(SolutionItems) = preProject
		LICENSE = LICENSE
		README.md = README.md
	EndProjectSection
EndProject
Global
	GlobalSection(SolutionConfigurationPlatforms) = preSolution
		Debug|Any CPU = Debug|Any CPU
		Release|Any CPU = Release|Any CPU
	EndGlobalSection
	GlobalSection(ProjectConfigurationPlatforms) = postSolution
		{C1BCEE41-12AA-45A4-987F-AE0FB9C15740}.Debug|Any CPU.ActiveCfg = Debug|Any CPU
		{C1BCEE41-12AA-45A4-987F-AE0FB9C15740}.Debug|Any CPU.Build.0 = Debug|Any CPU
		{C1BCEE41-12AA-45A4-987F-AE0FB9C15740}.Release|Any CPU.ActiveCfg = Release|Any CPU
		{C1BCEE41-12AA-45A4-987F-AE0FB9C15740}.Release|Any CPU.Build.0 = Release|Any CPU
		{FC5DC063-2D42-4F59-B475-228B0CC1D480}.Debug|Any CPU.ActiveCfg = Debug|Any CPU
		{FC5DC063-2D42-4F59-B475-228B0CC1D480}.Debug|Any CPU.Build.0 = Debug|Any CPU
		{FC5DC063-2D42-4F59-B475-228B0CC1D480}.Release|Any CPU.ActiveCfg = Release|Any CPU
		{FC5DC063-2D42-4F59-B475-228B0CC1D480}.Release|Any CPU.Build.0 = Release|Any CPU
	EndGlobalSection
	GlobalSection(SolutionProperties) = preSolution
		HideSolutionNode = FALSE
	EndGlobalSection
EndGlobal
